
Microsoft Visual Studio Solution File, Format Version 12.00
# Visual Studio Version 16
VisualStudioVersion = 16.0.31624.102
MinimumVisualStudioVersion = 10.0.40219.1
Project("{9A19103F-16F7-4668-BE54-9A1E7A4F7556}") = "Quidditch", "Quidditch\Quidditch.csproj", "{21251AB6-822E-4525-8D61-384290104B8B}"
EndProject
Project("{FAE04EC0-301F-11D3-BF4B-00C04F79EFBC}") = "Quiddich.Business", "Quiddich.Business\Quiddich.Business.csproj", "{ACA8C618-9B32-4CCA-8F22-5E33A51C22D3}"
EndProject
Project("{FAE04EC0-301F-11D3-BF4B-00C04F79EFBC}") = "Quidditch.Data", "Quidditch.Data\Quidditch.Data.csproj", "{BC562AB8-2294-48CA-8933-E83EC08B55F8}"
EndProject
Project("{FAE04EC0-301F-11D3-BF4B-00C04F79EFBC}") = "Quidditch.Entities", "Quidditch.Entities\Quidditch.Entities.csproj", "{962E3B49-9527-4778-B3A0-5B9F25A93224}"
EndProject
Global
	GlobalSection(SolutionConfigurationPlatforms) = preSolution
		Debug|Any CPU = Debug|Any CPU
		Release|Any CPU = Release|Any CPU
	EndGlobalSection
	GlobalSection(ProjectConfigurationPlatforms) = postSolution
		{21251AB6-822E-4525-8D61-384290104B8B}.Debug|Any CPU.ActiveCfg = Debug|Any CPU
		{21251AB6-822E-4525-8D61-384290104B8B}.Debug|Any CPU.Build.0 = Debug|Any CPU
		{21251AB6-822E-4525-8D61-384290104B8B}.Release|Any CPU.ActiveCfg = Release|Any CPU
		{21251AB6-822E-4525-8D61-384290104B8B}.Release|Any CPU.Build.0 = Release|Any CPU
		{ACA8C618-9B32-4CCA-8F22-5E33A51C22D3}.Debug|Any CPU.ActiveCfg = Debug|Any CPU
		{ACA8C618-9B32-4CCA-8F22-5E33A51C22D3}.Debug|Any CPU.Build.0 = Debug|Any CPU
		{ACA8C618-9B32-4CCA-8F22-5E33A51C22D3}.Release|Any CPU.ActiveCfg = Release|Any CPU
		{ACA8C618-9B32-4CCA-8F22-5E33A51C22D3}.Release|Any CPU.Build.0 = Release|Any CPU
		{BC562AB8-2294-48CA-8933-E83EC08B55F8}.Debug|Any CPU.ActiveCfg = Debug|Any CPU
		{BC562AB8-2294-48CA-8933-E83EC08B55F8}.Debug|Any CPU.Build.0 = Debug|Any CPU
		{BC562AB8-2294-48CA-8933-E83EC08B55F8}.Release|Any CPU.ActiveCfg = Release|Any CPU
		{BC562AB8-2294-48CA-8933-E83EC08B55F8}.Release|Any CPU.Build.0 = Release|Any CPU
		{962E3B49-9527-4778-B3A0-5B9F25A93224}.Debug|Any CPU.ActiveCfg = Debug|Any CPU
		{962E3B49-9527-4778-B3A0-5B9F25A93224}.Debug|Any CPU.Build.0 = Debug|Any CPU
		{962E3B49-9527-4778-B3A0-5B9F25A93224}.Release|Any CPU.ActiveCfg = Release|Any CPU
		{962E3B49-9527-4778-B3A0-5B9F25A93224}.Release|Any CPU.Build.0 = Release|Any CPU
	EndGlobalSection
	GlobalSection(SolutionProperties) = preSolution
		HideSolutionNode = FALSE
	EndGlobalSection
	GlobalSection(ExtensibilityGlobals) = postSolution
		SolutionGuid = {E8379389-83EC-461D-8EF5-B888E7BBB713}
	EndGlobalSection
EndGlobal
